// !$*UTF8*$!
{
	archiveVersion = 1;
	classes = {
	};
	objectVersion = 46;
	objects = {

/* Begin PBXBuildFile section */
		53FD39641EF109C100B08CA8 /* main.m in Sources */ = {isa = PBXBuildFile; fileRef = 53FD39631EF109C100B08CA8 /* main.m */; };
		53FD39671EF109C100B08CA8 /* AppDelegate.m in Sources */ = {isa = PBXBuildFile; fileRef = 53FD39661EF109C100B08CA8 /* AppDelegate.m */; };
		53FD396A1EF109C100B08CA8 /* ViewController.m in Sources */ = {isa = PBXBuildFile; fileRef = 53FD39691EF109C100B08CA8 /* ViewController.m */; };
		53FD396D1EF109C100B08CA8 /* Main.storyboard in Resources */ = {isa = PBXBuildFile; fileRef = 53FD396B1EF109C100B08CA8 /* Main.storyboard */; };
		53FD396F1EF109C100B08CA8 /* Assets.xcassets in Resources */ = {isa = PBXBuildFile; fileRef = 53FD396E1EF109C100B08CA8 /* Assets.xcassets */; };
		53FD39721EF109C100B08CA8 /* LaunchScreen.storyboard in Resources */ = {isa = PBXBuildFile; fileRef = 53FD39701EF109C100B08CA8 /* LaunchScreen.storyboard */; };
		592A9B5C19EA2A7B89693E46 /* Pods_TextFieldTutorial.framework in Frameworks */ = {isa = PBXBuildFile; fileRef = A40468B4B805CC535CD1D879 /* Pods_TextFieldTutorial.framework */; };
/* End PBXBuildFile section */

/* Begin PBXFileReference section */
		16B34362B07FEE2BC97B8795 /* Pods-TextFieldTutorial.debug.xcconfig */ = {isa = PBXFileReference; includeInIndex = 1; lastKnownFileType = text.xcconfig; name = "Pods-TextFieldTutorial.debug.xcconfig"; path = "Pods/Target Support Files/Pods-TextFieldTutorial/Pods-TextFieldTutorial.debug.xcconfig"; sourceTree = "<group>"; };
		53FD395F1EF109C100B08CA8 /* TextFieldTutorial.app */ = {isa = PBXFileReference; explicitFileType = wrapper.application; includeInIndex = 0; path = TextFieldTutorial.app; sourceTree = BUILT_PRODUCTS_DIR; };
		53FD39631EF109C100B08CA8 /* main.m */ = {isa = PBXFileReference; lastKnownFileType = sourcecode.c.objc; path = main.m; sourceTree = "<group>"; };
		53FD39651EF109C100B08CA8 /* AppDelegate.h */ = {isa = PBXFileReference; lastKnownFileType = sourcecode.c.h; path = AppDelegate.h; sourceTree = "<group>"; };
		53FD39661EF109C100B08CA8 /* AppDelegate.m */ = {isa = PBXFileReference; lastKnownFileType = sourcecode.c.objc; path = AppDelegate.m; sourceTree = "<group>"; };
		53FD39681EF109C100B08CA8 /* ViewController.h */ = {isa = PBXFileReference; lastKnownFileType = sourcecode.c.h; path = ViewController.h; sourceTree = "<group>"; };
		53FD39691EF109C100B08CA8 /* ViewController.m */ = {isa = PBXFileReference; lastKnownFileType = sourcecode.c.objc; path = ViewController.m; sourceTree = "<group>"; };
		53FD396C1EF109C100B08CA8 /* Base */ = {isa = PBXFileReference; lastKnownFileType = file.storyboard; name = Base; path = Base.lproj/Main.storyboard; sourceTree = "<group>"; };
		53FD396E1EF109C100B08CA8 /* Assets.xcassets */ = {isa = PBXFileReference; lastKnownFileType = folder.assetcatalog; path = Assets.xcassets; sourceTree = "<group>"; };
		53FD39711EF109C100B08CA8 /* Base */ = {isa = PBXFileReference; lastKnownFileType = file.storyboard; name = Base; path = Base.lproj/LaunchScreen.storyboard; sourceTree = "<group>"; };
		53FD39731EF109C100B08CA8 /* Info.plist */ = {isa = PBXFileReference; lastKnownFileType = text.plist.xml; path = Info.plist; sourceTree = "<group>"; };
		A40468B4B805CC535CD1D879 /* Pods_TextFieldTutorial.framework */ = {isa = PBXFileReference; explicitFileType = wrapper.framework; includeInIndex = 0; path = Pods_TextFieldTutorial.framework; sourceTree = BUILT_PRODUCTS_DIR; };
		FD01C85FD06B1948466B7CB1 /* Pods-TextFieldTutorial.release.xcconfig */ = {isa = PBXFileReference; includeInIndex = 1; lastKnownFileType = text.xcconfig; name = "Pods-TextFieldTutorial.release.xcconfig"; path = "Pods/Target Support Files/Pods-TextFieldTutorial/Pods-TextFieldTutorial.release.xcconfig"; sourceTree = "<group>"; };
/* End PBXFileReference section */

/* Begin PBXFrameworksBuildPhase section */
		53FD395C1EF109C100B08CA8 /* Frameworks */ = {
			isa = PBXFrameworksBuildPhase;
			buildActionMask = 2147483647;
			files = (
				592A9B5C19EA2A7B89693E46 /* Pods_TextFieldTutorial.framework in Frameworks */,
			);
			runOnlyForDeploymentPostprocessing = 0;
		};
/* End PBXFrameworksBuildPhase section */

/* Begin PBXGroup section */
		53FD39561EF109C100B08CA8 = {
			isa = PBXGroup;
			children = (
				53FD39611EF109C100B08CA8 /* TextFieldTutorial */,
				53FD39601EF109C100B08CA8 /* Products */,
				F297AEEAF6F4202D652CBF2C /* Pods */,
				A4FBEBB9B90D7F01006474AB /* Frameworks */,
			);
			sourceTree = "<group>";
		};
		53FD39601EF109C100B08CA8 /* Products */ = {
			isa = PBXGroup;
			children = (
				53FD395F1EF109C100B08CA8 /* TextFieldTutorial.app */,
			);
			name = Products;
			sourceTree = "<group>";
		};
		53FD39611EF109C100B08CA8 /* TextFieldTutorial */ = {
			isa = PBXGroup;
			children = (
				53FD39651EF109C100B08CA8 /* AppDelegate.h */,
				53FD39661EF109C100B08CA8 /* AppDelegate.m */,
				53FD39681EF109C100B08CA8 /* ViewController.h */,
				53FD39691EF109C100B08CA8 /* ViewController.m */,
				53FD396B1EF109C100B08CA8 /* Main.storyboard */,
				53FD396E1EF109C100B08CA8 /* Assets.xcassets */,
				53FD39701EF109C100B08CA8 /* LaunchScreen.storyboard */,
				53FD39731EF109C100B08CA8 /* Info.plist */,
				53FD39621EF109C100B08CA8 /* Supporting Files */,
			);
			path = TextFieldTutorial;
			sourceTree = "<group>";
		};
		53FD39621EF109C100B08CA8 /* Supporting Files */ = {
			isa = PBXGroup;
			children = (
				53FD39631EF109C100B08CA8 /* main.m */,
			);
			name = "Supporting Files";
			sourceTree = "<group>";
		};
		A4FBEBB9B90D7F01006474AB /* Frameworks */ = {
			isa = PBXGroup;
			children = (
				A40468B4B805CC535CD1D879 /* Pods_TextFieldTutorial.framework */,
			);
			name = Frameworks;
			sourceTree = "<group>";
		};
		F297AEEAF6F4202D652CBF2C /* Pods */ = {
			isa = PBXGroup;
			children = (
				16B34362B07FEE2BC97B8795 /* Pods-TextFieldTutorial.debug.xcconfig */,
				FD01C85FD06B1948466B7CB1 /* Pods-TextFieldTutorial.release.xcconfig */,
			);
			name = Pods;
			sourceTree = "<group>";
		};
/* End PBXGroup section */

/* Begin PBXNativeTarget section */
		53FD395E1EF109C100B08CA8 /* TextFieldTutorial */ = {
			isa = PBXNativeTarget;
			buildConfigurationList = 53FD39761EF109C200B08CA8 /* Build configuration list for PBXNativeTarget "TextFieldTutorial" */;
			buildPhases = (
				43F23B16BAD05465A2EC249C /* [CP] Check Pods Manifest.lock */,
				53FD395B1EF109C100B08CA8 /* Sources */,
				53FD395C1EF109C100B08CA8 /* Frameworks */,
				53FD395D1EF109C100B08CA8 /* Resources */,
				732EAB8C0E95EED90623C581 /* [CP] Embed Pods Frameworks */,
				7C842FB2EE07336DDFA9B1D4 /* [CP] Copy Pods Resources */,
			);
			buildRules = (
			);
			dependencies = (
			);
			name = TextFieldTutorial;
			productName = TextFieldTutorial;
			productReference = 53FD395F1EF109C100B08CA8 /* TextFieldTutorial.app */;
			productType = "com.apple.product-type.application";
		};
/* End PBXNativeTarget section */

/* Begin PBXProject section */
		53FD39571EF109C100B08CA8 /* Project object */ = {
			isa = PBXProject;
			attributes = {
				LastUpgradeCheck = 0830;
				ORGANIZATIONNAME = "Tutorial Project";
				TargetAttributes = {
					53FD395E1EF109C100B08CA8 = {
						CreatedOnToolsVersion = 8.3.3;
						DevelopmentTeam = Q4Q2Q36CY8;
						ProvisioningStyle = Automatic;
					};
				};
			};
			buildConfigurationList = 53FD395A1EF109C100B08CA8 /* Build configuration list for PBXProject "TextFieldTutorial" */;
			compatibilityVersion = "Xcode 3.2";
			developmentRegion = English;
			hasScannedForEncodings = 0;
			knownRegions = (
				en,
				Base,
			);
			mainGroup = 53FD39561EF109C100B08CA8;
			productRefGroup = 53FD39601EF109C100B08CA8 /* Products */;
			projectDirPath = "";
			projectRoot = "";
			targets = (
				53FD395E1EF109C100B08CA8 /* TextFieldTutorial */,
			);
		};
/* End PBXProject section */

/* Begin PBXResourcesBuildPhase section */
		53FD395D1EF109C100B08CA8 /* Resources */ = {
			isa = PBXResourcesBuildPhase;
			buildActionMask = 2147483647;
			files = (
				53FD39721EF109C100B08CA8 /* LaunchScreen.storyboard in Resources */,
				53FD396F1EF109C100B08CA8 /* Assets.xcassets in Resources */,
				53FD396D1EF109C100B08CA8 /* Main.storyboard in Resources */,
			);
			runOnlyForDeploymentPostprocessing = 0;
		};
/* End PBXResourcesBuildPhase section */

/* Begin PBXShellScriptBuildPhase section */
		43F23B16BAD05465A2EC249C /* [CP] Check Pods Manifest.lock */ = {
			isa = PBXShellScriptBuildPhase;
			buildActionMask = 2147483647;
			files = (
			);
			inputPaths = (
			);
			name = "[CP] Check Pods Manifest.lock";
			outputPaths = (
			);
			runOnlyForDeploymentPostprocessing = 0;
			shellPath = /bin/sh;
			shellScript = "diff \"${PODS_ROOT}/../Podfile.lock\" \"${PODS_ROOT}/Manifest.lock\" > /dev/null\nif [ $? != 0 ] ; then\n    # print error to STDERR\n    echo \"error: The sandbox is not in sync with the Podfile.lock. Run 'pod install' or update your CocoaPods installation.\" >&2\n    exit 1\nfi\n";
			showEnvVarsInLog = 0;
		};
		732EAB8C0E95EED90623C581 /* [CP] Embed Pods Frameworks */ = {
			isa = PBXShellScriptBuildPhase;
			buildActionMask = 2147483647;
			files = (
			);
			inputPaths = (
			);
			name = "[CP] Embed Pods Frameworks";
			outputPaths = (
			);
			runOnlyForDeploymentPostprocessing = 0;
			shellPath = /bin/sh;
			shellScript = "\"${SRCROOT}/Pods/Target Support Files/Pods-TextFieldTutorial/Pods-TextFieldTutorial-frameworks.sh\"\n";
			showEnvVarsInLog = 0;
		};
		7C842FB2EE07336DDFA9B1D4 /* [CP] Copy Pods Resources */ = {
			isa = PBXShellScriptBuildPhase;
			buildActionMask = 2147483647;
			files = (
			);
			inputPaths = (
			);
			name = "[CP] Copy Pods Resources";
			outputPaths = (
			);
			runOnlyForDeploymentPostprocessing = 0;
			shellPath = /bin/sh;
			shellScript = "\"${SRCROOT}/Pods/Target Support Files/Pods-TextFieldTutorial/Pods-TextFieldTutorial-resources.sh\"\n";
			showEnvVarsInLog = 0;
		};
/* End PBXShellScriptBuildPhase section */

/* Begin PBXSourcesBuildPhase section */
		53FD395B1EF109C100B08CA8 /* Sources */ = {
			isa = PBXSourcesBuildPhase;
			buildActionMask = 2147483647;
			files = (
				53FD396A1EF109C100B08CA8 /* ViewController.m in Sources */,
				53FD39671EF109C100B08CA8 /* AppDelegate.m in Sources */,
				53FD39641EF109C100B08CA8 /* main.m in Sources */,
			);
			runOnlyForDeploymentPostprocessing = 0;
		};
/* End PBXSourcesBuildPhase section */

/* Begin PBXVariantGroup section */
		53FD396B1EF109C100B08CA8 /* Main.storyboard */ = {
			isa = PBXVariantGroup;
			children = (
				53FD396C1EF109C100B08CA8 /* Base */,
			);
			name = Main.storyboard;
			sourceTree = "<group>";
		};
		53FD39701EF109C100B08CA8 /* LaunchScreen.storyboard */ = {
			isa = PBXVariantGroup;
			children = (
				53FD39711EF109C100B08CA8 /* Base */,
			);
			name = LaunchScreen.storyboard;
			sourceTree = "<group>";
		};
/* End PBXVariantGroup section */

/* Begin XCBuildConfiguration section */
		53FD39741EF109C100B08CA8 /* Debug */ = {
			isa = XCBuildConfiguration;
			buildSettings = {
				ALWAYS_SEARCH_USER_PATHS = NO;
				CLANG_ANALYZER_NONNULL = YES;
				CLANG_ANALYZER_NUMBER_OBJECT_CONVERSION = YES_AGGRESSIVE;
				CLANG_CXX_LANGUAGE_STANDARD = "gnu++0x";
				CLANG_CXX_LIBRARY = "libc++";
				CLANG_ENABLE_MODULES = YES;
				CLANG_ENABLE_OBJC_ARC = YES;
				CLANG_WARN_BOOL_CONVERSION = YES;
				CLANG_WARN_CONSTANT_CONVERSION = YES;
				CLANG_WARN_DIRECT_OBJC_ISA_USAGE = YES_ERROR;
				CLANG_WARN_DOCUMENTATION_COMMENTS = YES;
				CLANG_WARN_EMPTY_BODY = YES;
				CLANG_WARN_ENUM_CONVERSION = YES;
				CLANG_WARN_INFINITE_RECURSION = YES;
				CLANG_WARN_INT_CONVERSION = YES;
				CLANG_WARN_OBJC_ROOT_CLASS = YES_ERROR;
				CLANG_WARN_SUSPICIOUS_MOVE = YES;
				CLANG_WARN_UNREACHABLE_CODE = YES;
				CLANG_WARN__DUPLICATE_METHOD_MATCH = YES;
				"CODE_SIGN_IDENTITY[sdk=iphoneos*]" = "iPhone Developer";
				COPY_PHASE_STRIP = NO;
				DEBUG_INFORMATION_FORMAT = dwarf;
				ENABLE_STRICT_OBJC_MSGSEND = YES;
				ENABLE_TESTABILITY = YES;
				GCC_C_LANGUAGE_STANDARD = gnu99;
				GCC_DYNAMIC_NO_PIC = NO;
				GCC_NO_COMMON_BLOCKS = YES;
				GCC_OPTIMIZATION_LEVEL = 0;
				GCC_PREPROCESSOR_DEFINITIONS = (
					"DEBUG=1",
					"$(inherited)",
				);
				GCC_WARN_64_TO_32_BIT_CONVERSION = YES;
				GCC_WARN_ABOUT_RETURN_TYPE = YES_ERROR;
				GCC_WARN_UNDECLARED_SELECTOR = YES;
				GCC_WARN_UNINITIALIZED_AUTOS = YES_AGGRESSIVE;
				GCC_WARN_UNUSED_FUNCTION = YES;
				GCC_WARN_UNUSED_VARIABLE = YES;
				IPHONEOS_DEPLOYMENT_TARGET = 10.3;
				MTL_ENABLE_DEBUG_INFO = YES;
				ONLY_ACTIVE_ARCH = YES;
				SDKROOT = iphoneos;
			};
			name = Debug;
		};
		53FD39751EF109C100B08CA8 /* Release */ = {
			isa = XCBuildConfiguration;
			buildSettings = {
				ALWAYS_SEARCH_USER_PATHS = NO;
				CLANG_ANALYZER_NONNULL = YES;
				CLANG_ANALYZER_NUMBER_OBJECT_CONVERSION = YES_AGGRESSIVE;
				CLANG_CXX_LANGUAGE_STANDARD = "gnu++0x";
				CLANG_CXX_LIBRARY = "libc++";
				CLANG_ENABLE_MODULES = YES;
				CLANG_ENABLE_OBJC_ARC = YES;
				CLANG_WARN_BOOL_CONVERSION = YES;
				CLANG_WARN_CONSTANT_CONVERSION = YES;
				CLANG_WARN_DIRECT_OBJC_ISA_USAGE = YES_ERROR;
				CLANG_WARN_DOCUMENTATION_COMMENTS = YES;
				CLANG_WARN_EMPTY_BODY = YES;
				CLANG_WARN_ENUM_CONVERSION = YES;
				CLANG_WARN_INFINITE_RECURSION = YES;
				CLANG_WARN_INT_CONVERSION = YES;
				CLANG_WARN_OBJC_ROOT_CLASS = YES_ERROR;
				CLANG_WARN_SUSPICIOUS_MOVE = YES;
				CLANG_WARN_UNREACHABLE_CODE = YES;
				CLANG_WARN__DUPLICATE_METHOD_MATCH = YES;
				"CODE_SIGN_IDENTITY[sdk=iphoneos*]" = "iPhone Developer";
				COPY_PHASE_STRIP = NO;
				DEBUG_INFORMATION_FORMAT = "dwarf-with-dsym";
				ENABLE_NS_ASSERTIONS = NO;
				ENABLE_STRICT_OBJC_MSGSEND = YES;
				GCC_C_LANGUAGE_STANDARD = gnu99;
				GCC_NO_COMMON_BLOCKS = YES;
				GCC_WARN_64_TO_32_BIT_CONVERSION = YES;
				GCC_WARN_ABOUT_RETURN_TYPE = YES_ERROR;
				GCC_WARN_UNDECLARED_SELECTOR = YES;
				GCC_WARN_UNINITIALIZED_AUTOS = YES_AGGRESSIVE;
				GCC_WARN_UNUSED_FUNCTION = YES;
				GCC_WARN_UNUSED_VARIABLE = YES;
				IPHONEOS_DEPLOYMENT_TARGET = 10.3;
				MTL_ENABLE_DEBUG_INFO = NO;
				SDKROOT = iphoneos;
				VALIDATE_PRODUCT = YES;
			};
			name = Release;
		};
		53FD39771EF109C200B08CA8 /* Debug */ = {
			isa = XCBuildConfiguration;
			baseConfigurationReference = 16B34362B07FEE2BC97B8795 /* Pods-TextFieldTutorial.debug.xcconfig */;
			buildSettings = {
				ASSETCATALOG_COMPILER_APPICON_NAME = AppIcon;
				DEVELOPMENT_TEAM = Q4Q2Q36CY8;
				INFOPLIST_FILE = TextFieldTutorial/Info.plist;
				IPHONEOS_DEPLOYMENT_TARGET = 8.0;
				LD_RUNPATH_SEARCH_PATHS = "$(inherited) @executable_path/Frameworks";
				PRODUCT_BUNDLE_IDENTIFIER = com.stigasoft.demo.TextFieldTutorial;
				PRODUCT_NAME = "$(TARGET_NAME)";
			};
			name = Debug;
		};
		53FD39781EF109C200B08CA8 /* Release */ = {
			isa = XCBuildConfiguration;
			baseConfigurationReference = FD01C85FD06B1948466B7CB1 /* Pods-TextFieldTutorial.release.xcconfig */;
			buildSettings = {
				ASSETCATALOG_COMPILER_APPICON_NAME = AppIcon;
				DEVELOPMENT_TEAM = Q4Q2Q36CY8;
				INFOPLIST_FILE = TextFieldTutorial/Info.plist;
				IPHONEOS_DEPLOYMENT_TARGET = 8.0;
				LD_RUNPATH_SEARCH_PATHS = "$(inherited) @executable_path/Frameworks";
				PRODUCT_BUNDLE_IDENTIFIER = com.stigasoft.demo.TextFieldTutorial;
				PRODUCT_NAME = "$(TARGET_NAME)";
			};
			name = Release;
		};
/* End XCBuildConfiguration section */

/* Begin XCConfigurationList section */
		53FD395A1EF109C100B08CA8 /* Build configuration list for PBXProject "TextFieldTutorial" */ = {
			isa = XCConfigurationList;
			buildConfigurations = (
				53FD39741EF109C100B08CA8 /* Debug */,
				53FD39751EF109C100B08CA8 /* Release */,
			);
			defaultConfigurationIsVisible = 0;
			defaultConfigurationName = Release;
		};
		53FD39761EF109C200B08CA8 /* Build configuration list for PBXNativeTarget "TextFieldTutorial" */ = {
			isa = XCConfigurationList;
			buildConfigurations = (
				53FD39771EF109C200B08CA8 /* Debug */,
				53FD39781EF109C200B08CA8 /* Release */,
			);
			defaultConfigurationIsVisible = 0;
			defaultConfigurationName = Release;
		};
/* End XCConfigurationList section */
	};
	rootObject = 53FD39571EF109C100B08CA8 /* Project object */;
}
